// !$*UTF8*$!
{
	archiveVersion = 1;
	classes = {
	};
	objectVersion = 46;
	objects = {

/* Begin PBXBuildFile section */
		4B9020C61E89052500088EA4 /* APIEndpoints.swift in Sources */ = {isa = PBXBuildFile; fileRef = 4B9020C51E89052500088EA4 /* APIEndpoints.swift */; };
		4B9020C81E8C7FBE00088EA4 /* TableViewController.swift in Sources */ = {isa = PBXBuildFile; fileRef = 4B9020C71E8C7FBE00088EA4 /* TableViewController.swift */; };
		4BC948721E944C3500888235 /* TableViewCell.swift in Sources */ = {isa = PBXBuildFile; fileRef = 4BC948711E944C3500888235 /* TableViewCell.swift */; };
		4BC948741E944D2F00888235 /* SwiftLoading.swift in Sources */ = {isa = PBXBuildFile; fileRef = 4BC948731E944D2F00888235 /* SwiftLoading.swift */; };
		4BF10A091E88F333002728F7 /* AppDelegate.swift in Sources */ = {isa = PBXBuildFile; fileRef = 4BF10A081E88F333002728F7 /* AppDelegate.swift */; };
		4BF10A0B1E88F333002728F7 /* LoginViewController.swift in Sources */ = {isa = PBXBuildFile; fileRef = 4BF10A0A1E88F333002728F7 /* LoginViewController.swift */; };
		4BF10A0E1E88F333002728F7 /* Main.storyboard in Resources */ = {isa = PBXBuildFile; fileRef = 4BF10A0C1E88F333002728F7 /* Main.storyboard */; };
		4BF10A101E88F333002728F7 /* Assets.xcassets in Resources */ = {isa = PBXBuildFile; fileRef = 4BF10A0F1E88F333002728F7 /* Assets.xcassets */; };
		4BF10A131E88F333002728F7 /* LaunchScreen.storyboard in Resources */ = {isa = PBXBuildFile; fileRef = 4BF10A111E88F333002728F7 /* LaunchScreen.storyboard */; };
		53F4BC3AFC2C0205E5D47C5E /* Pods_TodoList.framework in Frameworks */ = {isa = PBXBuildFile; fileRef = 6B2787E4D429B8CFC8BFFD95 /* Pods_TodoList.framework */; };
/* End PBXBuildFile section */

/* Begin PBXFileReference section */
		4A9DE71A1B7B2F2E9D76299B /* Pods-TodoList.debug.xcconfig */ = {isa = PBXFileReference; includeInIndex = 1; lastKnownFileType = text.xcconfig; name = "Pods-TodoList.debug.xcconfig"; path = "Pods/Target Support Files/Pods-TodoList/Pods-TodoList.debug.xcconfig"; sourceTree = "<group>"; };
		4B9020C51E89052500088EA4 /* APIEndpoints.swift */ = {isa = PBXFileReference; fileEncoding = 4; lastKnownFileType = sourcecode.swift; path = APIEndpoints.swift; sourceTree = "<group>"; };
		4B9020C71E8C7FBE00088EA4 /* TableViewController.swift */ = {isa = PBXFileReference; fileEncoding = 4; lastKnownFileType = sourcecode.swift; path = TableViewController.swift; sourceTree = "<group>"; };
		4BC948711E944C3500888235 /* TableViewCell.swift */ = {isa = PBXFileReference; fileEncoding = 4; lastKnownFileType = sourcecode.swift; path = TableViewCell.swift; sourceTree = "<group>"; };
		4BC948731E944D2F00888235 /* SwiftLoading.swift */ = {isa = PBXFileReference; fileEncoding = 4; lastKnownFileType = sourcecode.swift; path = SwiftLoading.swift; sourceTree = "<group>"; };
		4BF10A051E88F333002728F7 /* TodoList.app */ = {isa = PBXFileReference; explicitFileType = wrapper.application; includeInIndex = 0; path = TodoList.app; sourceTree = BUILT_PRODUCTS_DIR; };
		4BF10A081E88F333002728F7 /* AppDelegate.swift */ = {isa = PBXFileReference; lastKnownFileType = sourcecode.swift; path = AppDelegate.swift; sourceTree = "<group>"; };
		4BF10A0A1E88F333002728F7 /* LoginViewController.swift */ = {isa = PBXFileReference; lastKnownFileType = sourcecode.swift; path = LoginViewController.swift; sourceTree = "<group>"; };
		4BF10A0D1E88F333002728F7 /* Base */ = {isa = PBXFileReference; lastKnownFileType = file.storyboard; name = Base; path = Base.lproj/Main.storyboard; sourceTree = "<group>"; };
		4BF10A0F1E88F333002728F7 /* Assets.xcassets */ = {isa = PBXFileReference; lastKnownFileType = folder.assetcatalog; path = Assets.xcassets; sourceTree = "<group>"; };
		4BF10A121E88F333002728F7 /* Base */ = {isa = PBXFileReference; lastKnownFileType = file.storyboard; name = Base; path = Base.lproj/LaunchScreen.storyboard; sourceTree = "<group>"; };
		4BF10A141E88F333002728F7 /* Info.plist */ = {isa = PBXFileReference; lastKnownFileType = text.plist.xml; path = Info.plist; sourceTree = "<group>"; };
		6B2787E4D429B8CFC8BFFD95 /* Pods_TodoList.framework */ = {isa = PBXFileReference; explicitFileType = wrapper.framework; includeInIndex = 0; path = Pods_TodoList.framework; sourceTree = BUILT_PRODUCTS_DIR; };
		E31137EAF5BD52ED4D31A445 /* Pods-TodoList.release.xcconfig */ = {isa = PBXFileReference; includeInIndex = 1; lastKnownFileType = text.xcconfig; name = "Pods-TodoList.release.xcconfig"; path = "Pods/Target Support Files/Pods-TodoList/Pods-TodoList.release.xcconfig"; sourceTree = "<group>"; };
/* End PBXFileReference section */

/* Begin PBXFrameworksBuildPhase section */
		4BF10A021E88F332002728F7 /* Frameworks */ = {
			isa = PBXFrameworksBuildPhase;
			buildActionMask = 2147483647;
			files = (
				53F4BC3AFC2C0205E5D47C5E /* Pods_TodoList.framework in Frameworks */,
			);
			runOnlyForDeploymentPostprocessing = 0;
		};
/* End PBXFrameworksBuildPhase section */

/* Begin PBXGroup section */
		26D4A7940C595A0ECB9EC3DE /* Pods */ = {
			isa = PBXGroup;
			children = (
				4A9DE71A1B7B2F2E9D76299B /* Pods-TodoList.debug.xcconfig */,
				E31137EAF5BD52ED4D31A445 /* Pods-TodoList.release.xcconfig */,
			);
			name = Pods;
			sourceTree = "<group>";
		};
		442F5A6E19F3D2B21077CA14 /* Frameworks */ = {
			isa = PBXGroup;
			children = (
				6B2787E4D429B8CFC8BFFD95 /* Pods_TodoList.framework */,
			);
			name = Frameworks;
			sourceTree = "<group>";
		};
		4BF109FC1E88F332002728F7 = {
			isa = PBXGroup;
			children = (
				4BF10A071E88F333002728F7 /* TodoList */,
				4BF10A061E88F333002728F7 /* Products */,
				26D4A7940C595A0ECB9EC3DE /* Pods */,
				442F5A6E19F3D2B21077CA14 /* Frameworks */,
			);
			sourceTree = "<group>";
		};
		4BF10A061E88F333002728F7 /* Products */ = {
			isa = PBXGroup;
			children = (
				4BF10A051E88F333002728F7 /* TodoList.app */,
			);
			name = Products;
			sourceTree = "<group>";
		};
		4BF10A071E88F333002728F7 /* TodoList */ = {
			isa = PBXGroup;
			children = (
				4BF10A081E88F333002728F7 /* AppDelegate.swift */,
				4BF10A0A1E88F333002728F7 /* LoginViewController.swift */,
				4BF10A0C1E88F333002728F7 /* Main.storyboard */,
				4BF10A0F1E88F333002728F7 /* Assets.xcassets */,
				4BF10A111E88F333002728F7 /* LaunchScreen.storyboard */,
				4BF10A141E88F333002728F7 /* Info.plist */,
				4B9020C51E89052500088EA4 /* APIEndpoints.swift */,
				4B9020C71E8C7FBE00088EA4 /* TableViewController.swift */,
				4BC948711E944C3500888235 /* TableViewCell.swift */,
				4BC948731E944D2F00888235 /* SwiftLoading.swift */,
			);
			path = TodoList;
			sourceTree = "<group>";
		};
/* End PBXGroup section */

/* Begin PBXNativeTarget section */
		4BF10A041E88F332002728F7 /* TodoList */ = {
			isa = PBXNativeTarget;
			buildConfigurationList = 4BF10A171E88F333002728F7 /* Build configuration list for PBXNativeTarget "TodoList" */;
			buildPhases = (
				84A9F095F19E2CE10EBF2BD3 /* [CP] Check Pods Manifest.lock */,
				4BF10A011E88F332002728F7 /* Sources */,
				4BF10A021E88F332002728F7 /* Frameworks */,
				4BF10A031E88F332002728F7 /* Resources */,
				836DC7738F5865028950B3C9 /* [CP] Embed Pods Frameworks */,
				BC6B459D057F11A899C64736 /* [CP] Copy Pods Resources */,
			);
			buildRules = (
			);
			dependencies = (
			);
			name = TodoList;
			productName = TodoList;
			productReference = 4BF10A051E88F333002728F7 /* TodoList.app */;
			productType = "com.apple.product-type.application";
		};
/* End PBXNativeTarget section */

/* Begin PBXProject section */
		4BF109FD1E88F332002728F7 /* Project object */ = {
			isa = PBXProject;
			attributes = {
				LastSwiftUpdateCheck = 0820;
				LastUpgradeCheck = 0820;
				ORGANIZATIONNAME = "Kotaro Hirayama";
				TargetAttributes = {
					4BF10A041E88F332002728F7 = {
						CreatedOnToolsVersion = 8.2.1;
						ProvisioningStyle = Automatic;
					};
				};
			};
			buildConfigurationList = 4BF10A001E88F332002728F7 /* Build configuration list for PBXProject "TodoList" */;
			compatibilityVersion = "Xcode 3.2";
			developmentRegion = English;
			hasScannedForEncodings = 0;
			knownRegions = (
				en,
				Base,
			);
			mainGroup = 4BF109FC1E88F332002728F7;
			productRefGroup = 4BF10A061E88F333002728F7 /* Products */;
			projectDirPath = "";
			projectRoot = "";
			targets = (
				4BF10A041E88F332002728F7 /* TodoList */,
			);
		};
/* End PBXProject section */

/* Begin PBXResourcesBuildPhase section */
		4BF10A031E88F332002728F7 /* Resources */ = {
			isa = PBXResourcesBuildPhase;
			buildActionMask = 2147483647;
			files = (
				4BF10A131E88F333002728F7 /* LaunchScreen.storyboard in Resources */,
				4BF10A101E88F333002728F7 /* Assets.xcassets in Resources */,
				4BF10A0E1E88F333002728F7 /* Main.storyboard in Resources */,
			);
			runOnlyForDeploymentPostprocessing = 0;
		};
/* End PBXResourcesBuildPhase section */

/* Begin PBXShellScriptBuildPhase section */
		836DC7738F5865028950B3C9 /* [CP] Embed Pods Frameworks */ = {
			isa = PBXShellScriptBuildPhase;
			buildActionMask = 2147483647;
			files = (
			);
			inputPaths = (
			);
			name = "[CP] Embed Pods Frameworks";
			outputPaths = (
			);
			runOnlyForDeploymentPostprocessing = 0;
			shellPath = /bin/sh;
			shellScript = "\"${SRCROOT}/Pods/Target Support Files/Pods-TodoList/Pods-TodoList-frameworks.sh\"\n";
			showEnvVarsInLog = 0;
		};
		84A9F095F19E2CE10EBF2BD3 /* [CP] Check Pods Manifest.lock */ = {
			isa = PBXShellScriptBuildPhase;
			buildActionMask = 2147483647;
			files = (
			);
			inputPaths = (
			);
			name = "[CP] Check Pods Manifest.lock";
			outputPaths = (
			);
			runOnlyForDeploymentPostprocessing = 0;
			shellPath = /bin/sh;
			shellScript = "diff \"${PODS_ROOT}/../Podfile.lock\" \"${PODS_ROOT}/Manifest.lock\" > /dev/null\nif [ $? != 0 ] ; then\n    # print error to STDERR\n    echo \"error: The sandbox is not in sync with the Podfile.lock. Run 'pod install' or update your CocoaPods installation.\" >&2\n    exit 1\nfi\n";
			showEnvVarsInLog = 0;
		};
		BC6B459D057F11A899C64736 /* [CP] Copy Pods Resources */ = {
			isa = PBXShellScriptBuildPhase;
			buildActionMask = 2147483647;
			files = (
			);
			inputPaths = (
			);
			name = "[CP] Copy Pods Resources";
			outputPaths = (
			);
			runOnlyForDeploymentPostprocessing = 0;
			shellPath = /bin/sh;
			shellScript = "\"${SRCROOT}/Pods/Target Support Files/Pods-TodoList/Pods-TodoList-resources.sh\"\n";
			showEnvVarsInLog = 0;
		};
/* End PBXShellScriptBuildPhase section */

/* Begin PBXSourcesBuildPhase section */
		4BF10A011E88F332002728F7 /* Sources */ = {
			isa = PBXSourcesBuildPhase;
			buildActionMask = 2147483647;
			files = (
				4BC948721E944C3500888235 /* TableViewCell.swift in Sources */,
				4B9020C61E89052500088EA4 /* APIEndpoints.swift in Sources */,
				4BF10A0B1E88F333002728F7 /* LoginViewController.swift in Sources */,
				4BF10A091E88F333002728F7 /* AppDelegate.swift in Sources */,
				4BC948741E944D2F00888235 /* SwiftLoading.swift in Sources */,
				4B9020C81E8C7FBE00088EA4 /* TableViewController.swift in Sources */,
			);
			runOnlyForDeploymentPostprocessing = 0;
		};
/* End PBXSourcesBuildPhase section */

/* Begin PBXVariantGroup section */
		4BF10A0C1E88F333002728F7 /* Main.storyboard */ = {
			isa = PBXVariantGroup;
			children = (
				4BF10A0D1E88F333002728F7 /* Base */,
			);
			name = Main.storyboard;
			sourceTree = "<group>";
		};
		4BF10A111E88F333002728F7 /* LaunchScreen.storyboard */ = {
			isa = PBXVariantGroup;
			children = (
				4BF10A121E88F333002728F7 /* Base */,
			);
			name = LaunchScreen.storyboard;
			sourceTree = "<group>";
		};
/* End PBXVariantGroup section */

/* Begin XCBuildConfiguration section */
		4BF10A151E88F333002728F7 /* Debug */ = {
			isa = XCBuildConfiguration;
			buildSettings = {
				ALWAYS_SEARCH_USER_PATHS = NO;
				CLANG_ANALYZER_NONNULL = YES;
				CLANG_CXX_LANGUAGE_STANDARD = "gnu++0x";
				CLANG_CXX_LIBRARY = "libc++";
				CLANG_ENABLE_MODULES = YES;
				CLANG_ENABLE_OBJC_ARC = YES;
				CLANG_WARN_BOOL_CONVERSION = YES;
				CLANG_WARN_CONSTANT_CONVERSION = YES;
				CLANG_WARN_DIRECT_OBJC_ISA_USAGE = YES_ERROR;
				CLANG_WARN_DOCUMENTATION_COMMENTS = YES;
				CLANG_WARN_EMPTY_BODY = YES;
				CLANG_WARN_ENUM_CONVERSION = YES;
				CLANG_WARN_INFINITE_RECURSION = YES;
				CLANG_WARN_INT_CONVERSION = YES;
				CLANG_WARN_OBJC_ROOT_CLASS = YES_ERROR;
				CLANG_WARN_SUSPICIOUS_MOVE = YES;
				CLANG_WARN_UNREACHABLE_CODE = YES;
				CLANG_WARN__DUPLICATE_METHOD_MATCH = YES;
				"CODE_SIGN_IDENTITY[sdk=iphoneos*]" = "iPhone Developer";
				COPY_PHASE_STRIP = NO;
				DEBUG_INFORMATION_FORMAT = dwarf;
				ENABLE_STRICT_OBJC_MSGSEND = YES;
				ENABLE_TESTABILITY = YES;
				GCC_C_LANGUAGE_STANDARD = gnu99;
				GCC_DYNAMIC_NO_PIC = NO;
				GCC_NO_COMMON_BLOCKS = YES;
				GCC_OPTIMIZATION_LEVEL = 0;
				GCC_PREPROCESSOR_DEFINITIONS = (
					"DEBUG=1",
					"$(inherited)",
				);
				GCC_WARN_64_TO_32_BIT_CONVERSION = YES;
				GCC_WARN_ABOUT_RETURN_TYPE = YES_ERROR;
				GCC_WARN_UNDECLARED_SELECTOR = YES;
				GCC_WARN_UNINITIALIZED_AUTOS = YES_AGGRESSIVE;
				GCC_WARN_UNUSED_FUNCTION = YES;
				GCC_WARN_UNUSED_VARIABLE = YES;
				IPHONEOS_DEPLOYMENT_TARGET = 10.2;
				MTL_ENABLE_DEBUG_INFO = YES;
				ONLY_ACTIVE_ARCH = YES;
				SDKROOT = iphoneos;
				SWIFT_ACTIVE_COMPILATION_CONDITIONS = DEBUG;
				SWIFT_OPTIMIZATION_LEVEL = "-Onone";
			};
			name = Debug;
		};
		4BF10A161E88F333002728F7 /* Release */ = {
			isa = XCBuildConfiguration;
			buildSettings = {
				ALWAYS_SEARCH_USER_PATHS = NO;
				CLANG_ANALYZER_NONNULL = YES;
				CLANG_CXX_LANGUAGE_STANDARD = "gnu++0x";
				CLANG_CXX_LIBRARY = "libc++";
				CLANG_ENABLE_MODULES = YES;
				CLANG_ENABLE_OBJC_ARC = YES;
				CLANG_WARN_BOOL_CONVERSION = YES;
				CLANG_WARN_CONSTANT_CONVERSION = YES;
				CLANG_WARN_DIRECT_OBJC_ISA_USAGE = YES_ERROR;
				CLANG_WARN_DOCUMENTATION_COMMENTS = YES;
				CLANG_WARN_EMPTY_BODY = YES;
				CLANG_WARN_ENUM_CONVERSION = YES;
				CLANG_WARN_INFINITE_RECURSION = YES;
				CLANG_WARN_INT_CONVERSION = YES;
				CLANG_WARN_OBJC_ROOT_CLASS = YES_ERROR;
				CLANG_WARN_SUSPICIOUS_MOVE = YES;
				CLANG_WARN_UNREACHABLE_CODE = YES;
				CLANG_WARN__DUPLICATE_METHOD_MATCH = YES;
				"CODE_SIGN_IDENTITY[sdk=iphoneos*]" = "iPhone Developer";
				COPY_PHASE_STRIP = NO;
				DEBUG_INFORMATION_FORMAT = "dwarf-with-dsym";
				ENABLE_NS_ASSERTIONS = NO;
				ENABLE_STRICT_OBJC_MSGSEND = YES;
				GCC_C_LANGUAGE_STANDARD = gnu99;
				GCC_NO_COMMON_BLOCKS = YES;
				GCC_WARN_64_TO_32_BIT_CONVERSION = YES;
				GCC_WARN_ABOUT_RETURN_TYPE = YES_ERROR;
				GCC_WARN_UNDECLARED_SELECTOR = YES;
				GCC_WARN_UNINITIALIZED_AUTOS = YES_AGGRESSIVE;
				GCC_WARN_UNUSED_FUNCTION = YES;
				GCC_WARN_UNUSED_VARIABLE = YES;
				IPHONEOS_DEPLOYMENT_TARGET = 10.2;
				MTL_ENABLE_DEBUG_INFO = NO;
				SDKROOT = iphoneos;
				SWIFT_OPTIMIZATION_LEVEL = "-Owholemodule";
				VALIDATE_PRODUCT = YES;
			};
			name = Release;
		};
		4BF10A181E88F333002728F7 /* Debug */ = {
			isa = XCBuildConfiguration;
			baseConfigurationReference = 4A9DE71A1B7B2F2E9D76299B /* Pods-TodoList.debug.xcconfig */;
			buildSettings = {
				ASSETCATALOG_COMPILER_APPICON_NAME = AppIcon;
				INFOPLIST_FILE = TodoList/Info.plist;
				LD_RUNPATH_SEARCH_PATHS = "$(inherited) @executable_path/Frameworks";
				PRODUCT_BUNDLE_IDENTIFIER = com.seasonal.TodoList;
				PRODUCT_NAME = "$(TARGET_NAME)";
				SWIFT_VERSION = 3.0;
			};
			name = Debug;
		};
		4BF10A191E88F333002728F7 /* Release */ = {
			isa = XCBuildConfiguration;
			baseConfigurationReference = E31137EAF5BD52ED4D31A445 /* Pods-TodoList.release.xcconfig */;
			buildSettings = {
				ASSETCATALOG_COMPILER_APPICON_NAME = AppIcon;
				INFOPLIST_FILE = TodoList/Info.plist;
				LD_RUNPATH_SEARCH_PATHS = "$(inherited) @executable_path/Frameworks";
				PRODUCT_BUNDLE_IDENTIFIER = com.seasonal.TodoList;
				PRODUCT_NAME = "$(TARGET_NAME)";
				SWIFT_VERSION = 3.0;
			};
			name = Release;
		};
/* End XCBuildConfiguration section */

/* Begin XCConfigurationList section */
		4BF10A001E88F332002728F7 /* Build configuration list for PBXProject "TodoList" */ = {
			isa = XCConfigurationList;
			buildConfigurations = (
				4BF10A151E88F333002728F7 /* Debug */,
				4BF10A161E88F333002728F7 /* Release */,
			);
			defaultConfigurationIsVisible = 0;
			defaultConfigurationName = Release;
		};
		4BF10A171E88F333002728F7 /* Build configuration list for PBXNativeTarget "TodoList" */ = {
			isa = XCConfigurationList;
			buildConfigurations = (
				4BF10A181E88F333002728F7 /* Debug */,
				4BF10A191E88F333002728F7 /* Release */,
			);
			defaultConfigurationIsVisible = 0;
			defaultConfigurationName = Release;
		};
/* End XCConfigurationList section */
	};
	rootObject = 4BF109FD1E88F332002728F7 /* Project object */;
}
